// !$*UTF8*$!
{
	archiveVersion = 1;
	classes = {
	};
	objectVersion = 51;
	objects = {

/* Begin PBXBuildFile section */
		56057ACD240681FB001789C5 /* GoogleService-Info-3.plist in Resources */ = {isa = PBXBuildFile; fileRef = 56057ACC240681FB001789C5 /* GoogleService-Info-3.plist */; };
		569B868E240242E7001DC81C /* Extensions.swift in Sources */ = {isa = PBXBuildFile; fileRef = 569B868D240242E7001DC81C /* Extensions.swift */; };
		569B86B724024FBC001DC81C /* marck_script.ttf in Resources */ = {isa = PBXBuildFile; fileRef = 569B86AB24024FBB001DC81C /* marck_script.ttf */; };
		569B86B824024FBC001DC81C /* satisfy.ttf in Resources */ = {isa = PBXBuildFile; fileRef = 569B86AC24024FBC001DC81C /* satisfy.ttf */; };
		569B86B924024FBC001DC81C /* spicy_rice.ttf in Resources */ = {isa = PBXBuildFile; fileRef = 569B86AD24024FBC001DC81C /* spicy_rice.ttf */; };
		569B86BA24024FBC001DC81C /* pattaya.ttf in Resources */ = {isa = PBXBuildFile; fileRef = 569B86AE24024FBC001DC81C /* pattaya.ttf */; };
		569B86BB24024FBC001DC81C /* outshine_regular.ttf in Resources */ = {isa = PBXBuildFile; fileRef = 569B86AF24024FBC001DC81C /* outshine_regular.ttf */; };
		569B86BC24024FBC001DC81C /* delius_swash_caps.ttf in Resources */ = {isa = PBXBuildFile; fileRef = 569B86B024024FBC001DC81C /* delius_swash_caps.ttf */; };
		569B86BD24024FBC001DC81C /* abeezee.ttf in Resources */ = {isa = PBXBuildFile; fileRef = 569B86B124024FBC001DC81C /* abeezee.ttf */; };
		569B86BE24024FBC001DC81C /* aldrich.ttf in Resources */ = {isa = PBXBuildFile; fileRef = 569B86B224024FBC001DC81C /* aldrich.ttf */; };
		569B86BF24024FBC001DC81C /* alt_matey_v2_black.otf in Resources */ = {isa = PBXBuildFile; fileRef = 569B86B324024FBC001DC81C /* alt_matey_v2_black.otf */; };
		569B86C024024FBC001DC81C /* aguafina_script.ttf in Resources */ = {isa = PBXBuildFile; fileRef = 569B86B424024FBC001DC81C /* aguafina_script.ttf */; };
		569B86C124024FBC001DC81C /* trade_winds.ttf in Resources */ = {isa = PBXBuildFile; fileRef = 569B86B524024FBC001DC81C /* trade_winds.ttf */; };
		569B86C224024FBC001DC81C /* abril_fatface.ttf in Resources */ = {isa = PBXBuildFile; fileRef = 569B86B624024FBC001DC81C /* abril_fatface.ttf */; };
		569B86CA24025425001DC81C /* RegisterViewController.swift in Sources */ = {isa = PBXBuildFile; fileRef = 569B86C924025425001DC81C /* RegisterViewController.swift */; };
		569B86CC2402543C001DC81C /* LoginViewController.swift in Sources */ = {isa = PBXBuildFile; fileRef = 569B86CB2402543C001DC81C /* LoginViewController.swift */; };
		569B86CE24025456001DC81C /* FogotPassWordViewController.swift in Sources */ = {isa = PBXBuildFile; fileRef = 569B86CD24025456001DC81C /* FogotPassWordViewController.swift */; };
		569B86D024025464001DC81C /* HomeViewController.swift in Sources */ = {isa = PBXBuildFile; fileRef = 569B86CF24025464001DC81C /* HomeViewController.swift */; };
		569B86F224025A46001DC81C /* FramesViewController.swift in Sources */ = {isa = PBXBuildFile; fileRef = 569B86F124025A46001DC81C /* FramesViewController.swift */; };
		569B86F524025BD5001DC81C /* EditPhotoViewController.swift in Sources */ = {isa = PBXBuildFile; fileRef = 569B86F424025BD5001DC81C /* EditPhotoViewController.swift */; };
		56AA1E2324019B13001156A1 /* AppDelegate.swift in Sources */ = {isa = PBXBuildFile; fileRef = 56AA1E2224019B13001156A1 /* AppDelegate.swift */; };
		56AA1E2524019B13001156A1 /* SceneDelegate.swift in Sources */ = {isa = PBXBuildFile; fileRef = 56AA1E2424019B13001156A1 /* SceneDelegate.swift */; };
		56AA1E2A24019B13001156A1 /* Main.storyboard in Resources */ = {isa = PBXBuildFile; fileRef = 56AA1E2824019B13001156A1 /* Main.storyboard */; };
		56AA1E2C24019B1A001156A1 /* Assets.xcassets in Resources */ = {isa = PBXBuildFile; fileRef = 56AA1E2B24019B1A001156A1 /* Assets.xcassets */; };
		56AA1E2F24019B1A001156A1 /* LaunchScreen.storyboard in Resources */ = {isa = PBXBuildFile; fileRef = 56AA1E2D24019B1A001156A1 /* LaunchScreen.storyboard */; };
		56F4CA2224039923004DA35D /* SplashViewController.swift in Sources */ = {isa = PBXBuildFile; fileRef = 56F4CA2124039923004DA35D /* SplashViewController.swift */; };
		75C7144D8855BFFB943B83C5 /* Pods_WallPaperApp.framework in Frameworks */ = {isa = PBXBuildFile; fileRef = E75C1EC15D3C6E43A149568F /* Pods_WallPaperApp.framework */; };
/* End PBXBuildFile section */

/* Begin PBXFileReference section */
		56057ACC240681FB001789C5 /* GoogleService-Info-3.plist */ = {isa = PBXFileReference; fileEncoding = 4; lastKnownFileType = text.plist.xml; path = "GoogleService-Info-3.plist"; sourceTree = "<group>"; };
		569B868D240242E7001DC81C /* Extensions.swift */ = {isa = PBXFileReference; lastKnownFileType = sourcecode.swift; path = Extensions.swift; sourceTree = "<group>"; };
		569B86AB24024FBB001DC81C /* marck_script.ttf */ = {isa = PBXFileReference; lastKnownFileType = file; path = marck_script.ttf; sourceTree = "<group>"; };
		569B86AC24024FBC001DC81C /* satisfy.ttf */ = {isa = PBXFileReference; lastKnownFileType = file; path = satisfy.ttf; sourceTree = "<group>"; };
		569B86AD24024FBC001DC81C /* spicy_rice.ttf */ = {isa = PBXFileReference; lastKnownFileType = file; path = spicy_rice.ttf; sourceTree = "<group>"; };
		569B86AE24024FBC001DC81C /* pattaya.ttf */ = {isa = PBXFileReference; lastKnownFileType = file; path = pattaya.ttf; sourceTree = "<group>"; };
		569B86AF24024FBC001DC81C /* outshine_regular.ttf */ = {isa = PBXFileReference; lastKnownFileType = file; path = outshine_regular.ttf; sourceTree = "<group>"; };
		569B86B024024FBC001DC81C /* delius_swash_caps.ttf */ = {isa = PBXFileReference; lastKnownFileType = file; path = delius_swash_caps.ttf; sourceTree = "<group>"; };
		569B86B124024FBC001DC81C /* abeezee.ttf */ = {isa = PBXFileReference; lastKnownFileType = file; path = abeezee.ttf; sourceTree = "<group>"; };
		569B86B224024FBC001DC81C /* aldrich.ttf */ = {isa = PBXFileReference; lastKnownFileType = file; path = aldrich.ttf; sourceTree = "<group>"; };
		569B86B324024FBC001DC81C /* alt_matey_v2_black.otf */ = {isa = PBXFileReference; lastKnownFileType = file; path = alt_matey_v2_black.otf; sourceTree = "<group>"; };
		569B86B424024FBC001DC81C /* aguafina_script.ttf */ = {isa = PBXFileReference; lastKnownFileType = file; path = aguafina_script.ttf; sourceTree = "<group>"; };
		569B86B524024FBC001DC81C /* trade_winds.ttf */ = {isa = PBXFileReference; lastKnownFileType = file; path = trade_winds.ttf; sourceTree = "<group>"; };
		569B86B624024FBC001DC81C /* abril_fatface.ttf */ = {isa = PBXFileReference; lastKnownFileType = file; path = abril_fatface.ttf; sourceTree = "<group>"; };
		569B86C924025425001DC81C /* RegisterViewController.swift */ = {isa = PBXFileReference; lastKnownFileType = sourcecode.swift; path = RegisterViewController.swift; sourceTree = "<group>"; };
		569B86CB2402543C001DC81C /* LoginViewController.swift */ = {isa = PBXFileReference; lastKnownFileType = sourcecode.swift; path = LoginViewController.swift; sourceTree = "<group>"; };
		569B86CD24025456001DC81C /* FogotPassWordViewController.swift */ = {isa = PBXFileReference; lastKnownFileType = sourcecode.swift; path = FogotPassWordViewController.swift; sourceTree = "<group>"; };
		569B86CF24025464001DC81C /* HomeViewController.swift */ = {isa = PBXFileReference; lastKnownFileType = sourcecode.swift; path = HomeViewController.swift; sourceTree = "<group>"; };
		569B86F124025A46001DC81C /* FramesViewController.swift */ = {isa = PBXFileReference; lastKnownFileType = sourcecode.swift; path = FramesViewController.swift; sourceTree = "<group>"; };
		569B86F424025BD5001DC81C /* EditPhotoViewController.swift */ = {isa = PBXFileReference; lastKnownFileType = sourcecode.swift; path = EditPhotoViewController.swift; sourceTree = "<group>"; };
		56AA1E1F24019B13001156A1 /* WallPaperApp.app */ = {isa = PBXFileReference; explicitFileType = wrapper.application; includeInIndex = 0; path = WallPaperApp.app; sourceTree = BUILT_PRODUCTS_DIR; };
		56AA1E2224019B13001156A1 /* AppDelegate.swift */ = {isa = PBXFileReference; lastKnownFileType = sourcecode.swift; path = AppDelegate.swift; sourceTree = "<group>"; };
		56AA1E2424019B13001156A1 /* SceneDelegate.swift */ = {isa = PBXFileReference; lastKnownFileType = sourcecode.swift; path = SceneDelegate.swift; sourceTree = "<group>"; };
		56AA1E2924019B13001156A1 /* Base */ = {isa = PBXFileReference; lastKnownFileType = file.storyboard; name = Base; path = Base.lproj/Main.storyboard; sourceTree = "<group>"; };
		56AA1E2B24019B1A001156A1 /* Assets.xcassets */ = {isa = PBXFileReference; lastKnownFileType = folder.assetcatalog; path = Assets.xcassets; sourceTree = "<group>"; };
		56AA1E2E24019B1A001156A1 /* Base */ = {isa = PBXFileReference; lastKnownFileType = file.storyboard; name = Base; path = Base.lproj/LaunchScreen.storyboard; sourceTree = "<group>"; };
		56AA1E3024019B1A001156A1 /* Info.plist */ = {isa = PBXFileReference; lastKnownFileType = text.plist.xml; path = Info.plist; sourceTree = "<group>"; };
		56F4CA2124039923004DA35D /* SplashViewController.swift */ = {isa = PBXFileReference; lastKnownFileType = sourcecode.swift; path = SplashViewController.swift; sourceTree = "<group>"; };
		A020D8C38E4A8B69BB88CB5D /* Pods-WallPaperApp.debug.xcconfig */ = {isa = PBXFileReference; includeInIndex = 1; lastKnownFileType = text.xcconfig; name = "Pods-WallPaperApp.debug.xcconfig"; path = "Target Support Files/Pods-WallPaperApp/Pods-WallPaperApp.debug.xcconfig"; sourceTree = "<group>"; };
		E75C1EC15D3C6E43A149568F /* Pods_WallPaperApp.framework */ = {isa = PBXFileReference; explicitFileType = wrapper.framework; includeInIndex = 0; path = Pods_WallPaperApp.framework; sourceTree = BUILT_PRODUCTS_DIR; };
		ED497697AF42808AD8B2F643 /* Pods-WallPaperApp.release.xcconfig */ = {isa = PBXFileReference; includeInIndex = 1; lastKnownFileType = text.xcconfig; name = "Pods-WallPaperApp.release.xcconfig"; path = "Target Support Files/Pods-WallPaperApp/Pods-WallPaperApp.release.xcconfig"; sourceTree = "<group>"; };
/* End PBXFileReference section */

/* Begin PBXFrameworksBuildPhase section */
		56AA1E1C24019B13001156A1 /* Frameworks */ = {
			isa = PBXFrameworksBuildPhase;
			buildActionMask = 2147483647;
			files = (
				75C7144D8855BFFB943B83C5 /* Pods_WallPaperApp.framework in Frameworks */,
			);
			runOnlyForDeploymentPostprocessing = 0;
		};
/* End PBXFrameworksBuildPhase section */

/* Begin PBXGroup section */
		3041A147CA474897E66349A9 /* Pods */ = {
			isa = PBXGroup;
			children = (
				A020D8C38E4A8B69BB88CB5D /* Pods-WallPaperApp.debug.xcconfig */,
				ED497697AF42808AD8B2F643 /* Pods-WallPaperApp.release.xcconfig */,
			);
			path = Pods;
			sourceTree = "<group>";
		};
		569B868C240242CC001DC81C /* Extensions */ = {
			isa = PBXGroup;
			children = (
				569B868D240242E7001DC81C /* Extensions.swift */,
			);
			path = Extensions;
			sourceTree = "<group>";
		};
		569B86AA24024F9D001DC81C /* Fonts */ = {
			isa = PBXGroup;
			children = (
				569B86B124024FBC001DC81C /* abeezee.ttf */,
				569B86B624024FBC001DC81C /* abril_fatface.ttf */,
				569B86B424024FBC001DC81C /* aguafina_script.ttf */,
				569B86B224024FBC001DC81C /* aldrich.ttf */,
				569B86B324024FBC001DC81C /* alt_matey_v2_black.otf */,
				569B86B024024FBC001DC81C /* delius_swash_caps.ttf */,
				569B86AB24024FBB001DC81C /* marck_script.ttf */,
				569B86AF24024FBC001DC81C /* outshine_regular.ttf */,
				569B86AE24024FBC001DC81C /* pattaya.ttf */,
				569B86AC24024FBC001DC81C /* satisfy.ttf */,
				569B86AD24024FBC001DC81C /* spicy_rice.ttf */,
				569B86B524024FBC001DC81C /* trade_winds.ttf */,
			);
			path = Fonts;
			sourceTree = "<group>";
		};
		569B86C42402529F001DC81C /* Registration */ = {
			isa = PBXGroup;
			children = (
				569B86C924025425001DC81C /* RegisterViewController.swift */,
				569B86C5240252B0001DC81C /* Login */,
			);
			path = Registration;
			sourceTree = "<group>";
		};
		569B86C5240252B0001DC81C /* Login */ = {
			isa = PBXGroup;
			children = (
				569B86CB2402543C001DC81C /* LoginViewController.swift */,
				569B86C8240253B0001DC81C /* FogotPassWord */,
				569B86C6240253A1001DC81C /* Home */,
			);
			path = Login;
			sourceTree = "<group>";
		};
		569B86C6240253A1001DC81C /* Home */ = {
			isa = PBXGroup;
			children = (
				569B86CF24025464001DC81C /* HomeViewController.swift */,
				569B86C7240253A5001DC81C /* Frames */,
			);
			path = Home;
			sourceTree = "<group>";
		};
		569B86C7240253A5001DC81C /* Frames */ = {
			isa = PBXGroup;
			children = (
				569B86F124025A46001DC81C /* FramesViewController.swift */,
				569B86F324025A53001DC81C /* EditPhoto */,
			);
			path = Frames;
			sourceTree = "<group>";
		};
		569B86C8240253B0001DC81C /* FogotPassWord */ = {
			isa = PBXGroup;
			children = (
				569B86CD24025456001DC81C /* FogotPassWordViewController.swift */,
			);
			path = FogotPassWord;
			sourceTree = "<group>";
		};
		569B86F324025A53001DC81C /* EditPhoto */ = {
			isa = PBXGroup;
			children = (
				569B86F424025BD5001DC81C /* EditPhotoViewController.swift */,
			);
			path = EditPhoto;
			sourceTree = "<group>";
		};
		56AA1E1624019B13001156A1 = {
			isa = PBXGroup;
			children = (
				56AA1E2124019B13001156A1 /* WallPaperApp */,
				56AA1E2024019B13001156A1 /* Products */,
				3041A147CA474897E66349A9 /* Pods */,
				8BEAC79E7227F7F6C7AB27DC /* Frameworks */,
			);
			sourceTree = "<group>";
		};
		56AA1E2024019B13001156A1 /* Products */ = {
			isa = PBXGroup;
			children = (
				56AA1E1F24019B13001156A1 /* WallPaperApp.app */,
			);
			name = Products;
			sourceTree = "<group>";
		};
		56AA1E2124019B13001156A1 /* WallPaperApp */ = {
			isa = PBXGroup;
			children = (
				56F4CA2024039904004DA35D /* SplashScreen */,
				569B86AA24024F9D001DC81C /* Fonts */,
				569B868C240242CC001DC81C /* Extensions */,
				56AA1E2224019B13001156A1 /* AppDelegate.swift */,
				56AA1E2424019B13001156A1 /* SceneDelegate.swift */,
				56AA1E2824019B13001156A1 /* Main.storyboard */,
				56AA1E2B24019B1A001156A1 /* Assets.xcassets */,
				56AA1E2D24019B1A001156A1 /* LaunchScreen.storyboard */,
				56AA1E3024019B1A001156A1 /* Info.plist */,
				56057ACC240681FB001789C5 /* GoogleService-Info-3.plist */,
			);
			path = WallPaperApp;
			sourceTree = "<group>";
		};
		56F4CA2024039904004DA35D /* SplashScreen */ = {
			isa = PBXGroup;
			children = (
				56F4CA2124039923004DA35D /* SplashViewController.swift */,
				569B86C42402529F001DC81C /* Registration */,
			);
			path = SplashScreen;
			sourceTree = "<group>";
		};
		8BEAC79E7227F7F6C7AB27DC /* Frameworks */ = {
			isa = PBXGroup;
			children = (
				E75C1EC15D3C6E43A149568F /* Pods_WallPaperApp.framework */,
			);
			name = Frameworks;
			sourceTree = "<group>";
		};
/* End PBXGroup section */

/* Begin PBXNativeTarget section */
		56AA1E1E24019B13001156A1 /* WallPaperApp */ = {
			isa = PBXNativeTarget;
			buildConfigurationList = 56AA1E3324019B1A001156A1 /* Build configuration list for PBXNativeTarget "WallPaperApp" */;
			buildPhases = (
				8165587C9D1E7957DB5EC0D6 /* [CP] Check Pods Manifest.lock */,
				56AA1E1B24019B13001156A1 /* Sources */,
				56AA1E1C24019B13001156A1 /* Frameworks */,
				56AA1E1D24019B13001156A1 /* Resources */,
				07A357E1854AB9736DBA078A /* [CP] Embed Pods Frameworks */,
			);
			buildRules = (
			);
			dependencies = (
			);
			name = WallPaperApp;
			productName = WallPaperApp;
			productReference = 56AA1E1F24019B13001156A1 /* WallPaperApp.app */;
			productType = "com.apple.product-type.application";
		};
/* End PBXNativeTarget section */

/* Begin PBXProject section */
		56AA1E1724019B13001156A1 /* Project object */ = {
			isa = PBXProject;
			attributes = {
				LastSwiftUpdateCheck = 1130;
				LastUpgradeCheck = 1130;
				ORGANIZATIONNAME = "Heshan Yodagama";
				TargetAttributes = {
					56AA1E1E24019B13001156A1 = {
						CreatedOnToolsVersion = 11.3.1;
					};
				};
			};
			buildConfigurationList = 56AA1E1A24019B13001156A1 /* Build configuration list for PBXProject "WallPaperApp" */;
			compatibilityVersion = "Xcode 9.3";
			developmentRegion = en;
			hasScannedForEncodings = 0;
			knownRegions = (
				en,
				Base,
			);
			mainGroup = 56AA1E1624019B13001156A1;
			productRefGroup = 56AA1E2024019B13001156A1 /* Products */;
			projectDirPath = "";
			projectRoot = "";
			targets = (
				56AA1E1E24019B13001156A1 /* WallPaperApp */,
			);
		};
/* End PBXProject section */

/* Begin PBXResourcesBuildPhase section */
		56AA1E1D24019B13001156A1 /* Resources */ = {
			isa = PBXResourcesBuildPhase;
			buildActionMask = 2147483647;
			files = (
				569B86BF24024FBC001DC81C /* alt_matey_v2_black.otf in Resources */,
				569B86C024024FBC001DC81C /* aguafina_script.ttf in Resources */,
				569B86BB24024FBC001DC81C /* outshine_regular.ttf in Resources */,
				569B86BA24024FBC001DC81C /* pattaya.ttf in Resources */,
				569B86B924024FBC001DC81C /* spicy_rice.ttf in Resources */,
				56AA1E2F24019B1A001156A1 /* LaunchScreen.storyboard in Resources */,
				569B86BD24024FBC001DC81C /* abeezee.ttf in Resources */,
				569B86B824024FBC001DC81C /* satisfy.ttf in Resources */,
				56AA1E2C24019B1A001156A1 /* Assets.xcassets in Resources */,
				569B86BC24024FBC001DC81C /* delius_swash_caps.ttf in Resources */,
				569B86BE24024FBC001DC81C /* aldrich.ttf in Resources */,
				56057ACD240681FB001789C5 /* GoogleService-Info-3.plist in Resources */,
				569B86C124024FBC001DC81C /* trade_winds.ttf in Resources */,
				569B86B724024FBC001DC81C /* marck_script.ttf in Resources */,
				569B86C224024FBC001DC81C /* abril_fatface.ttf in Resources */,
				56AA1E2A24019B13001156A1 /* Main.storyboard in Resources */,
			);
			runOnlyForDeploymentPostprocessing = 0;
		};
/* End PBXResourcesBuildPhase section */

/* Begin PBXShellScriptBuildPhase section */
		07A357E1854AB9736DBA078A /* [CP] Embed Pods Frameworks */ = {
			isa = PBXShellScriptBuildPhase;
			buildActionMask = 2147483647;
			files = (
			);
			inputFileListPaths = (
				"${PODS_ROOT}/Target Support Files/Pods-WallPaperApp/Pods-WallPaperApp-frameworks-${CONFIGURATION}-input-files.xcfilelist",
			);
			name = "[CP] Embed Pods Frameworks";
			outputFileListPaths = (
				"${PODS_ROOT}/Target Support Files/Pods-WallPaperApp/Pods-WallPaperApp-frameworks-${CONFIGURATION}-output-files.xcfilelist",
			);
			runOnlyForDeploymentPostprocessing = 0;
			shellPath = /bin/sh;
			shellScript = "\"${PODS_ROOT}/Target Support Files/Pods-WallPaperApp/Pods-WallPaperApp-frameworks.sh\"\n";
			showEnvVarsInLog = 0;
		};
		8165587C9D1E7957DB5EC0D6 /* [CP] Check Pods Manifest.lock */ = {
			isa = PBXShellScriptBuildPhase;
			buildActionMask = 2147483647;
			files = (
			);
			inputFileListPaths = (
			);
			inputPaths = (
				"${PODS_PODFILE_DIR_PATH}/Podfile.lock",
				"${PODS_ROOT}/Manifest.lock",
			);
			name = "[CP] Check Pods Manifest.lock";
			outputFileListPaths = (
			);
			outputPaths = (
				"$(DERIVED_FILE_DIR)/Pods-WallPaperApp-checkManifestLockResult.txt",
			);
			runOnlyForDeploymentPostprocessing = 0;
			shellPath = /bin/sh;
			shellScript = "diff \"${PODS_PODFILE_DIR_PATH}/Podfile.lock\" \"${PODS_ROOT}/Manifest.lock\" > /dev/null\nif [ $? != 0 ] ; then\n    # print error to STDERR\n    echo \"error: The sandbox is not in sync with the Podfile.lock. Run 'pod install' or update your CocoaPods installation.\" >&2\n    exit 1\nfi\n# This output is used by Xcode 'outputs' to avoid re-running this script phase.\necho \"SUCCESS\" > \"${SCRIPT_OUTPUT_FILE_0}\"\n";
			showEnvVarsInLog = 0;
		};
/* End PBXShellScriptBuildPhase section */

/* Begin PBXSourcesBuildPhase section */
		56AA1E1B24019B13001156A1 /* Sources */ = {
			isa = PBXSourcesBuildPhase;
			buildActionMask = 2147483647;
			files = (
				569B86CC2402543C001DC81C /* LoginViewController.swift in Sources */,
				569B86CE24025456001DC81C /* FogotPassWordViewController.swift in Sources */,
				569B86F224025A46001DC81C /* FramesViewController.swift in Sources */,
				569B86D024025464001DC81C /* HomeViewController.swift in Sources */,
				569B86CA24025425001DC81C /* RegisterViewController.swift in Sources */,
				56AA1E2324019B13001156A1 /* AppDelegate.swift in Sources */,
				56AA1E2524019B13001156A1 /* SceneDelegate.swift in Sources */,
				569B86F524025BD5001DC81C /* EditPhotoViewController.swift in Sources */,
				569B868E240242E7001DC81C /* Extensions.swift in Sources */,
				56F4CA2224039923004DA35D /* SplashViewController.swift in Sources */,
			);
			runOnlyForDeploymentPostprocessing = 0;
		};
/* End PBXSourcesBuildPhase section */

/* Begin PBXVariantGroup section */
		56AA1E2824019B13001156A1 /* Main.storyboard */ = {
			isa = PBXVariantGroup;
			children = (
				56AA1E2924019B13001156A1 /* Base */,
			);
			name = Main.storyboard;
			sourceTree = "<group>";
		};
		56AA1E2D24019B1A001156A1 /* LaunchScreen.storyboard */ = {
			isa = PBXVariantGroup;
			children = (
				56AA1E2E24019B1A001156A1 /* Base */,
			);
			name = LaunchScreen.storyboard;
			sourceTree = "<group>";
		};
/* End PBXVariantGroup section */

/* Begin XCBuildConfiguration section */
		56AA1E3124019B1A001156A1 /* Debug */ = {
			isa = XCBuildConfiguration;
			buildSettings = {
				ALWAYS_SEARCH_USER_PATHS = NO;
				CLANG_ANALYZER_NONNULL = YES;
				CLANG_ANALYZER_NUMBER_OBJECT_CONVERSION = YES_AGGRESSIVE;
				CLANG_CXX_LANGUAGE_STANDARD = "gnu++14";
				CLANG_CXX_LIBRARY = "libc++";
				CLANG_ENABLE_MODULES = YES;
				CLANG_ENABLE_OBJC_ARC = YES;
				CLANG_ENABLE_OBJC_WEAK = YES;
				CLANG_WARN_BLOCK_CAPTURE_AUTORELEASING = YES;
				CLANG_WARN_BOOL_CONVERSION = YES;
				CLANG_WARN_COMMA = YES;
				CLANG_WARN_CONSTANT_CONVERSION = YES;
				CLANG_WARN_DEPRECATED_OBJC_IMPLEMENTATIONS = YES;
				CLANG_WARN_DIRECT_OBJC_ISA_USAGE = YES_ERROR;
				CLANG_WARN_DOCUMENTATION_COMMENTS = YES;
				CLANG_WARN_EMPTY_BODY = YES;
				CLANG_WARN_ENUM_CONVERSION = YES;
				CLANG_WARN_INFINITE_RECURSION = YES;
				CLANG_WARN_INT_CONVERSION = YES;
				CLANG_WARN_NON_LITERAL_NULL_CONVERSION = YES;
				CLANG_WARN_OBJC_IMPLICIT_RETAIN_SELF = YES;
				CLANG_WARN_OBJC_LITERAL_CONVERSION = YES;
				CLANG_WARN_OBJC_ROOT_CLASS = YES_ERROR;
				CLANG_WARN_RANGE_LOOP_ANALYSIS = YES;
				CLANG_WARN_STRICT_PROTOTYPES = YES;
				CLANG_WARN_SUSPICIOUS_MOVE = YES;
				CLANG_WARN_UNGUARDED_AVAILABILITY = YES_AGGRESSIVE;
				CLANG_WARN_UNREACHABLE_CODE = YES;
				CLANG_WARN__DUPLICATE_METHOD_MATCH = YES;
				COPY_PHASE_STRIP = NO;
				DEBUG_INFORMATION_FORMAT = dwarf;
				ENABLE_STRICT_OBJC_MSGSEND = YES;
				ENABLE_TESTABILITY = YES;
				GCC_C_LANGUAGE_STANDARD = gnu11;
				GCC_DYNAMIC_NO_PIC = NO;
				GCC_NO_COMMON_BLOCKS = YES;
				GCC_OPTIMIZATION_LEVEL = 0;
				GCC_PREPROCESSOR_DEFINITIONS = (
					"DEBUG=1",
					"$(inherited)",
				);
				GCC_WARN_64_TO_32_BIT_CONVERSION = YES;
				GCC_WARN_ABOUT_RETURN_TYPE = YES_ERROR;
				GCC_WARN_UNDECLARED_SELECTOR = YES;
				GCC_WARN_UNINITIALIZED_AUTOS = YES_AGGRESSIVE;
				GCC_WARN_UNUSED_FUNCTION = YES;
				GCC_WARN_UNUSED_VARIABLE = YES;
				IPHONEOS_DEPLOYMENT_TARGET = 13.0;
				MTL_ENABLE_DEBUG_INFO = INCLUDE_SOURCE;
				MTL_FAST_MATH = YES;
				ONLY_ACTIVE_ARCH = YES;
				SDKROOT = iphoneos;
				SWIFT_ACTIVE_COMPILATION_CONDITIONS = DEBUG;
				SWIFT_OPTIMIZATION_LEVEL = "-Onone";
			};
			name = Debug;
		};
		56AA1E3224019B1A001156A1 /* Release */ = {
			isa = XCBuildConfiguration;
			buildSettings = {
				ALWAYS_SEARCH_USER_PATHS = NO;
				CLANG_ANALYZER_NONNULL = YES;
				CLANG_ANALYZER_NUMBER_OBJECT_CONVERSION = YES_AGGRESSIVE;
				CLANG_CXX_LANGUAGE_STANDARD = "gnu++14";
				CLANG_CXX_LIBRARY = "libc++";
				CLANG_ENABLE_MODULES = YES;
				CLANG_ENABLE_OBJC_ARC = YES;
				CLANG_ENABLE_OBJC_WEAK = YES;
				CLANG_WARN_BLOCK_CAPTURE_AUTORELEASING = YES;
				CLANG_WARN_BOOL_CONVERSION = YES;
				CLANG_WARN_COMMA = YES;
				CLANG_WARN_CONSTANT_CONVERSION = YES;
				CLANG_WARN_DEPRECATED_OBJC_IMPLEMENTATIONS = YES;
				CLANG_WARN_DIRECT_OBJC_ISA_USAGE = YES_ERROR;
				CLANG_WARN_DOCUMENTATION_COMMENTS = YES;
				CLANG_WARN_EMPTY_BODY = YES;
				CLANG_WARN_ENUM_CONVERSION = YES;
				CLANG_WARN_INFINITE_RECURSION = YES;
				CLANG_WARN_INT_CONVERSION = YES;
				CLANG_WARN_NON_LITERAL_NULL_CONVERSION = YES;
				CLANG_WARN_OBJC_IMPLICIT_RETAIN_SELF = YES;
				CLANG_WARN_OBJC_LITERAL_CONVERSION = YES;
				CLANG_WARN_OBJC_ROOT_CLASS = YES_ERROR;
				CLANG_WARN_RANGE_LOOP_ANALYSIS = YES;
				CLANG_WARN_STRICT_PROTOTYPES = YES;
				CLANG_WARN_SUSPICIOUS_MOVE = YES;
				CLANG_WARN_UNGUARDED_AVAILABILITY = YES_AGGRESSIVE;
				CLANG_WARN_UNREACHABLE_CODE = YES;
				CLANG_WARN__DUPLICATE_METHOD_MATCH = YES;
				COPY_PHASE_STRIP = NO;
				DEBUG_INFORMATION_FORMAT = "dwarf-with-dsym";
				ENABLE_NS_ASSERTIONS = NO;
				ENABLE_STRICT_OBJC_MSGSEND = YES;
				GCC_C_LANGUAGE_STANDARD = gnu11;
				GCC_NO_COMMON_BLOCKS = YES;
				GCC_WARN_64_TO_32_BIT_CONVERSION = YES;
				GCC_WARN_ABOUT_RETURN_TYPE = YES_ERROR;
				GCC_WARN_UNDECLARED_SELECTOR = YES;
				GCC_WARN_UNINITIALIZED_AUTOS = YES_AGGRESSIVE;
				GCC_WARN_UNUSED_FUNCTION = YES;
				GCC_WARN_UNUSED_VARIABLE = YES;
				IPHONEOS_DEPLOYMENT_TARGET = 13.0;
				MTL_ENABLE_DEBUG_INFO = NO;
				MTL_FAST_MATH = YES;
				SDKROOT = iphoneos;
				SWIFT_COMPILATION_MODE = wholemodule;
				SWIFT_OPTIMIZATION_LEVEL = "-O";
				VALIDATE_PRODUCT = YES;
			};
			name = Release;
		};
		56AA1E3424019B1A001156A1 /* Debug */ = {
			isa = XCBuildConfiguration;
			baseConfigurationReference = A020D8C38E4A8B69BB88CB5D /* Pods-WallPaperApp.debug.xcconfig */;
			buildSettings = {
				ASSETCATALOG_COMPILER_APPICON_NAME = AppIcon;
				CODE_SIGN_STYLE = Automatic;
				DEVELOPMENT_TEAM = Q5KJ24W38Y;
				INFOPLIST_FILE = WallPaperApp/Info.plist;
				LD_RUNPATH_SEARCH_PATHS = (
					"$(inherited)",
					"@executable_path/Frameworks",
				);
				PRODUCT_BUNDLE_IDENTIFIER = "HeshCompany.arsalanalishah1--arsalanalishah1";
				PRODUCT_NAME = "$(TARGET_NAME)";
				SWIFT_VERSION = 5.0;
				TARGETED_DEVICE_FAMILY = "1,2";
			};
			name = Debug;
		};
		56AA1E3524019B1A001156A1 /* Release */ = {
			isa = XCBuildConfiguration;
			baseConfigurationReference = ED497697AF42808AD8B2F643 /* Pods-WallPaperApp.release.xcconfig */;
			buildSettings = {
				ASSETCATALOG_COMPILER_APPICON_NAME = AppIcon;
				CODE_SIGN_STYLE = Automatic;
				DEVELOPMENT_TEAM = Q5KJ24W38Y;
				INFOPLIST_FILE = WallPaperApp/Info.plist;
				LD_RUNPATH_SEARCH_PATHS = (
					"$(inherited)",
					"@executable_path/Frameworks",
				);
				PRODUCT_BUNDLE_IDENTIFIER = "HeshCompany.arsalanalishah1--arsalanalishah1";
				PRODUCT_NAME = "$(TARGET_NAME)";
				SWIFT_VERSION = 5.0;
				TARGETED_DEVICE_FAMILY = "1,2";
			};
			name = Release;
		};
/* End XCBuildConfiguration section */

/* Begin XCConfigurationList section */
		56AA1E1A24019B13001156A1 /* Build configuration list for PBXProject "WallPaperApp" */ = {
			isa = XCConfigurationList;
			buildConfigurations = (
				56AA1E3124019B1A001156A1 /* Debug */,
				56AA1E3224019B1A001156A1 /* Release */,
			);
			defaultConfigurationIsVisible = 0;
			defaultConfigurationName = Release;
		};
		56AA1E3324019B1A001156A1 /* Build configuration list for PBXNativeTarget "WallPaperApp" */ = {
			isa = XCConfigurationList;
			buildConfigurations = (
				56AA1E3424019B1A001156A1 /* Debug */,
				56AA1E3524019B1A001156A1 /* Release */,
			);
			defaultConfigurationIsVisible = 0;
			defaultConfigurationName = Release;
		};
/* End XCConfigurationList section */
	};
	rootObject = 56AA1E1724019B13001156A1 /* Project object */;
}
